
Microsoft Visual Studio Solution File, Format Version 12.00
# Visual Studio Version 17
VisualStudioVersion = 17.0.32112.339
MinimumVisualStudioVersion = 10.0.40219.1
Project("{9A19103F-16F7-4668-BE54-9A1E7A4F7556}") = "LFGWebApp", "LFGWebApp.csproj", "{8566C384-E8D8-4E81-9D2F-5D0DE034A2EB}"
EndProject
Global
	GlobalSection(SolutionConfigurationPlatforms) = preSolution
		Debug|Any CPU = Debug|Any CPU
		Release|Any CPU = Release|Any CPU
	EndGlobalSection
	GlobalSection(ProjectConfigurationPlatforms) = postSolution
		{8566C384-E8D8-4E81-9D2F-5D0DE034A2EB}.Debug|Any CPU.ActiveCfg = Debug|Any CPU
		{8566C384-E8D8-4E81-9D2F-5D0DE034A2EB}.Debug|Any CPU.Build.0 = Debug|Any CPU
		{8566C384-E8D8-4E81-9D2F-5D0DE034A2EB}.Release|Any CPU.ActiveCfg = Release|Any CPU
		{8566C384-E8D8-4E81-9D2F-5D0DE034A2EB}.Release|Any CPU.Build.0 = Release|Any CPU
	EndGlobalSection
	GlobalSection(SolutionProperties) = preSolution
		HideSolutionNode = FALSE
	EndGlobalSection
	GlobalSection(ExtensibilityGlobals) = postSolution
		SolutionGuid = {5EF44937-198D-43B2-81C0-38A1E21DA97C}
	EndGlobalSection
EndGlobal
